Microsoft Visual Studio Solution File, Format Version 12.00
# Visual Studio Version 17
VisualStudioVersion = 17.5.2.0
MinimumVisualStudioVersion = 10.0.40219.1
Project("{FAE04EC0-301F-11D3-BF4B-00C04F79EFBC}") = "sistema-personagens", "sistema-personagens.csproj", "{35F306D8-C4D6-EFCA-7489-9A74D6E6B694}"
EndProject
Global
	GlobalSection(SolutionConfigurationPlatforms) = preSolution
		Debug|Any CPU = Debug|Any CPU
		Release|Any CPU = Release|Any CPU
	EndGlobalSection
	GlobalSection(ProjectConfigurationPlatforms) = postSolution
		{35F306D8-C4D6-EFCA-7489-9A74D6E6B694}.Debug|Any CPU.ActiveCfg = Debug|Any CPU
		{35F306D8-C4D6-EFCA-7489-9A74D6E6B694}.Debug|Any CPU.Build.0 = Debug|Any CPU
		{35F306D8-C4D6-EFCA-7489-9A74D6E6B694}.Release|Any CPU.ActiveCfg = Release|Any CPU
		{35F306D8-C4D6-EFCA-7489-9A74D6E6B694}.Release|Any CPU.Build.0 = Release|Any CPU
	EndGlobalSection
	GlobalSection(SolutionProperties) = preSolution
		HideSolutionNode = FALSE
	EndGlobalSection
	GlobalSection(ExtensibilityGlobals) = postSolution
		SolutionGuid = {5C2FBAB7-3CEE-4C24-AFF4-ADC08ACA3892}
	EndGlobalSection
EndGlobal
